<?xml version="1.0" encoding="utf-8"?>
<Project ToolsVersion="4.0" xmlns="http://schemas.microsoft.com/developer/msbuild/2003">
  <ItemGroup>
    <ApplicationDefinition Include="App.xaml" />
  </ItemGroup>
  <ItemGroup>
    <Page Include="MainPage.xaml" />
  </ItemGroup>
  <ItemGroup>
    <Midl Include="App.idl" />
    <Midl Include="MainPage.idl" />
  </ItemGroup>
  <ItemGroup>
    <ClCompile Include="pch.cpp" />
    <ClCompile Include="App.cpp" />
    <ClCompile Include="MainPage.cpp" />
    <ClCompile Include="$(GeneratedFilesDir)module.g.cpp" />
    <ClCompile Include="GraphicsDevice.cpp">
      <Filter>Graphics\Devices</Filter>
    </ClCompile>
    <ClCompile Include="GraphicsResource.cpp">
      <Filter>Graphics\Devices</Filter>
    </ClCompile>
    <ClCompile Include="SwapChain.cpp">
      <Filter>Graphics\Devices</Filter>
    </ClCompile>
    <ClCompile Include="IndexBuffer.cpp">
      <Filter>Graphics\Resources\Buffers</Filter>
    </ClCompile>
    <ClCompile Include="VertexBuffer.cpp">
      <Filter>Graphics\Resources\Buffers</Filter>
    </ClCompile>
    <ClCompile Include="ConstantBuffer.cpp">
      <Filter>Graphics\Resources\Buffers</Filter>
    </ClCompile>
    <ClCompile Include="ResourceHeapBuilder.cpp">
      <Filter>Graphics\Resources\Memory Management</Filter>
    </ClCompile>
    <ClCompile Include="ResourceHeapItem.cpp">
      <Filter>Graphics\Resources\Memory Management</Filter>
    </ClCompile>
    <ClCompile Include="ResourceHeapLayoutGenerator.cpp">
      <Filter>Graphics\Resources\Memory Management</Filter>
    </ClCompile>
    <ClCompile Include="ResourceUpdater.cpp">
      <Filter>Graphics\Resources\Memory Management</Filter>
    </ClCompile>
    <ClCompile Include="DescriptorHeap.cpp">
      <Filter>Graphics\Descriptors\Memory Management</Filter>
    </ClCompile>
    <ClCompile Include="ResourceDescriptorHeap.cpp">
      <Filter>Graphics\Descriptors\Memory Management</Filter>
    </ClCompile>
    <ClCompile Include="ConstantBufferView.cpp">
      <Filter>Graphics\Descriptors\Buffers</Filter>
    </ClCompile>
    <ClCompile Include="RootSignature.cpp">
      <Filter>Graphics\States</Filter>
    </ClCompile>
    <ClCompile Include="TextureAddressMode.cpp">
      <Filter>Graphics\Enums</Filter>
    </ClCompile>
    <ClCompile Include="PipelineState.cpp">
      <Filter>Graphics\States</Filter>
    </ClCompile>
    <ClCompile Include="FileAccess.cpp">
      <Filter>Infrastructure</Filter>
    </ClCompile>
    <ClCompile Include="Shaders.cpp">
      <Filter>Graphics\States</Filter>
    </ClCompile>
    <ClCompile Include="BlendState.cpp">
      <Filter>Graphics\States</Filter>
    </ClCompile>
    <ClCompile Include="RasterizerState.cpp">
      <Filter>Graphics\States</Filter>
    </ClCompile>
    <ClCompile Include="DepthStencilState.cpp">
      <Filter>Graphics\States</Filter>
    </ClCompile>
    <ClCompile Include="VertexDefinitions.cpp">
      <Filter>Graphics\Resources\Vertex Definitions</Filter>
    </ClCompile>
    <ClCompile Include="MultiSamplingState.cpp">
      <Filter>Graphics\States</Filter>
    </ClCompile>
  </ItemGroup>
  <ItemGroup>
    <ClInclude Include="pch.h" />
    <ClInclude Include="WinUiThreading.h">
      <Filter>Threading</Filter>
    </ClInclude>
    <ClInclude Include="GraphicsDefines.h">
      <Filter>Graphics\Devices</Filter>
    </ClInclude>
    <ClInclude Include="GraphicsDevice.h">
      <Filter>Graphics\Devices</Filter>
    </ClInclude>
    <ClInclude Include="GraphicsResource.h">
      <Filter>Graphics\Devices</Filter>
    </ClInclude>
    <ClInclude Include="SwapChain.h">
      <Filter>Graphics\Devices</Filter>
    </ClInclude>
    <ClInclude Include="BitwiseOperations.h">
      <Filter>Infrastructure</Filter>
    </ClInclude>
    <ClInclude Include="IndexBuffer.h">
      <Filter>Graphics\Resources\Buffers</Filter>
    </ClInclude>
    <ClInclude Include="VertexBuffer.h">
      <Filter>Graphics\Resources\Buffers</Filter>
    </ClInclude>
    <ClInclude Include="VertexDefinitions.h">
      <Filter>Graphics\Resources\Vertex Definitions</Filter>
    </ClInclude>
    <ClInclude Include="ConstantBuffer.h">
      <Filter>Graphics\Resources\Buffers</Filter>
    </ClInclude>
    <ClInclude Include="GraphicsData.h">
      <Filter>Graphics\Resources\Memory Management</Filter>
    </ClInclude>
    <ClInclude Include="ResourceHeapBuilder.h">
      <Filter>Graphics\Resources\Memory Management</Filter>
    </ClInclude>
    <ClInclude Include="ResourceHeapItem.h">
      <Filter>Graphics\Resources\Memory Management</Filter>
    </ClInclude>
    <ClInclude Include="ResourceHeapLayoutGenerator.h">
      <Filter>Graphics\Resources\Memory Management</Filter>
    </ClInclude>
    <ClInclude Include="ResourceUpdater.h">
      <Filter>Graphics\Resources\Memory Management</Filter>
    </ClInclude>
    <ClInclude Include="ResourceDescriptorHeap.h">
      <Filter>Graphics\Descriptors\Memory Management</Filter>
    </ClInclude>
    <ClInclude Include="DescriptorHeap.h">
      <Filter>Graphics\Descriptors\Memory Management</Filter>
    </ClInclude>
    <ClInclude Include="ConstantBufferView.h">
      <Filter>Graphics\Descriptors\Buffers</Filter>
    </ClInclude>
    <ClInclude Include="RootSignature.h">
      <Filter>Graphics\States</Filter>
    </ClInclude>
    <ClInclude Include="ValueBag.h">
      <Filter>Infrastructure</Filter>
    </ClInclude>
    <ClInclude Include="TextureFilter.h">
      <Filter>Graphics\Enums</Filter>
    </ClInclude>
    <ClInclude Include="TextureAddressMode.h">
      <Filter>Graphics\Enums</Filter>
    </ClInclude>
    <ClInclude Include="TextureFormat.h">
      <Filter>Graphics\Enums</Filter>
    </ClInclude>
    <ClInclude Include="PipelineState.h">
      <Filter>Graphics\States</Filter>
    </ClInclude>
    <ClInclude Include="Shaders.h">
      <Filter>Graphics\States</Filter>
    </ClInclude>
    <ClInclude Include="FileAccess.h">
      <Filter>Infrastructure</Filter>
    </ClInclude>
    <ClInclude Include="BlendState.h">
      <Filter>Graphics\States</Filter>
    </ClInclude>
    <ClInclude Include="RasterizerState.h">
      <Filter>Graphics\States</Filter>
    </ClInclude>
    <ClInclude Include="DepthStencilState.h">
      <Filter>Graphics\States</Filter>
    </ClInclude>
    <ClInclude Include="ComparisonFunction.h">
      <Filter>Graphics\Enums</Filter>
    </ClInclude>
    <ClInclude Include="PrimitiveTopology.h">
      <Filter>Graphics\Enums</Filter>
    </ClInclude>
    <ClInclude Include="MultiSamplingState.h">
      <Filter>Graphics\States</Filter>
    </ClInclude>
  </ItemGroup>
  <ItemGroup>
    <Image Include="Assets\Wide310x150Logo.scale-200.png">
      <Filter>Assets</Filter>
    </Image>
    <Image Include="Assets\StoreLogo.png">
      <Filter>Assets</Filter>
    </Image>
    <Image Include="Assets\Square150x150Logo.scale-200.png">
      <Filter>Assets</Filter>
    </Image>
    <Image Include="Assets\Square44x44Logo.targetsize-24_altform-unplated.png">
      <Filter>Assets</Filter>
    </Image>
    <Image Include="Assets\Square44x44Logo.scale-200.png">
      <Filter>Assets</Filter>
    </Image>
    <Image Include="Assets\SplashScreen.scale-200.png">
      <Filter>Assets</Filter>
    </Image>
    <Image Include="Assets\LockScreenLogo.scale-200.png">
      <Filter>Assets</Filter>
    </Image>
  </ItemGroup>
  <ItemGroup>
    <AppxManifest Include="Package.appxmanifest" />
  </ItemGroup>
  <ItemGroup>
    <Filter Include="Assets">
      <UniqueIdentifier>{e48dc53e-40b1-40cb-970a-f89935452892}</UniqueIdentifier>
    </Filter>
    <Filter Include="Graphics">
      <UniqueIdentifier>{6b949247-5756-42b5-b9d1-56958c0a3763}</UniqueIdentifier>
    </Filter>
    <Filter Include="Threading">
      <UniqueIdentifier>{a3781fd1-95c7-4155-b605-59560c2c8707}</UniqueIdentifier>
    </Filter>
    <Filter Include="Graphics\Devices">
      <UniqueIdentifier>{fc05dfab-ea98-4976-9d1f-64f121fc217d}</UniqueIdentifier>
    </Filter>
    <Filter Include="Graphics\Resources">
      <UniqueIdentifier>{ee6acb9d-06e0-4fd1-8731-aab3ce993b92}</UniqueIdentifier>
    </Filter>
    <Filter Include="Infrastructure">
      <UniqueIdentifier>{6d20a2dc-a5f3-489e-a76b-99d857bf77a0}</UniqueIdentifier>
    </Filter>
    <Filter Include="Graphics\Resources\Buffers">
      <UniqueIdentifier>{51ec3140-5165-4c64-b067-5f71e09a1d42}</UniqueIdentifier>
    </Filter>
    <Filter Include="Graphics\Resources\Memory Management">
      <UniqueIdentifier>{f7ec9bac-4934-48c5-aba9-e005e4be484b}</UniqueIdentifier>
    </Filter>
    <Filter Include="Graphics\Descriptors">
      <UniqueIdentifier>{81479ba0-7e5b-4082-ab81-ca59dcb4330a}</UniqueIdentifier>
    </Filter>
    <Filter Include="Graphics\Descriptors\Memory Management">
      <UniqueIdentifier>{86f0f9c7-dad3-4fd6-baae-24d03620910c}</UniqueIdentifier>
    </Filter>
    <Filter Include="Graphics\Descriptors\Buffers">
      <UniqueIdentifier>{b2cf578e-a86b-4590-b42f-f5aa031d61c6}</UniqueIdentifier>
    </Filter>
    <Filter Include="Graphics\Enums">
      <UniqueIdentifier>{6e62c326-f2a3-4e8f-93b9-432d894c215b}</UniqueIdentifier>
    </Filter>
    <Filter Include="Graphics\States">
      <UniqueIdentifier>{f402eff5-0850-4add-a02a-2dd5d63baacc}</UniqueIdentifier>
    </Filter>
    <Filter Include="Graphics\Resources\Vertex Definitions">
      <UniqueIdentifier>{a9fca93d-ef32-44c1-accd-163bd13a1039}</UniqueIdentifier>
    </Filter>
    <Filter Include="Shaders">
      <UniqueIdentifier>{7a067484-293e-4628-a608-12a9f61e6ac2}</UniqueIdentifier>
    </Filter>
  </ItemGroup>
  <ItemGroup>
    <None Include="PropertySheet.props" />
    <None Include="packages.config" />
  </ItemGroup>
  <ItemGroup>
    <Text Include="readme.txt" />
  </ItemGroup>
  <ItemGroup>
    <FxCompile Include="VertexShader.hlsl">
      <Filter>Shaders</Filter>
    </FxCompile>
    <FxCompile Include="PixelShader.hlsl">
      <Filter>Shaders</Filter>
    </FxCompile>
  </ItemGroup>
</Project>